schema: '2.0'
stages:
  data_ingestion:
    cmd: python3 src/data_ingestion.py
    deps:
    - path: src/data_ingestion.py
      hash: md5
      md5: 4aebb3b547ed6ea8eeb78c8bcba2ab99
      size: 3734
    params:
      params.yaml:
        data_ingestion:
          test_size: 0.2
    outs:
    - path: data/raw
      hash: md5
      md5: 4f8c0074c37cb4a46a8052fb153fc4d4.dir
      size: 876870
      nfiles: 2
  data_preprocessing:
    cmd: python3 src/data_preprocessing.py
    deps:
    - path: data/raw
      hash: md5
      md5: 4f8c0074c37cb4a46a8052fb153fc4d4.dir
      size: 876870
      nfiles: 2
    - path: src/data_preprocessing.py
      hash: md5
      md5: d1f718caceaebfffe3d7d4c5b8d0c9d2
      size: 5099
    outs:
    - path: data/processed
      hash: md5
      md5: 353179f13c0637971b85075c78c609fe.dir
      size: 620903
      nfiles: 2
  feature_engineering:
    cmd: python3 src/feature_engineering.py
    deps:
    - path: data/processed
      hash: md5
      md5: 353179f13c0637971b85075c78c609fe.dir
      size: 620903
      nfiles: 2
    - path: src/feature_engineering.py
      hash: md5
      md5: fbc43bf499a58a4898bfb530e2728957
      size: 3537
    params:
      params.yaml:
        feature_engineering:
          max_features: 200
    outs:
    - path: data/features
      hash: md5
      md5: b9204cb7db9865aea4c8009657b4df60.dir
      size: 4523852
      nfiles: 2
  model_building:
    cmd: python3 src/model_building.py
    deps:
    - path: data/features
      hash: md5
      md5: b9204cb7db9865aea4c8009657b4df60.dir
      size: 4523852
      nfiles: 2
    - path: src/model_building.py
      hash: md5
      md5: c116ce071171a3d83e282c43bcafbb1f
      size: 3680
    params:
      params.yaml:
        model_building:
          n_estimator: 150
          learning_rate: 0.1
    outs:
    - path: models
      hash: md5
      md5: a3b4a2e8bb3c6662981f83a50d15a384.dir
      size: 194233
      nfiles: 1
  model_evaluation:
    cmd: python3 src/model_evaluation.py
    deps:
    - path: models
      hash: md5
      md5: a3b4a2e8bb3c6662981f83a50d15a384.dir
      size: 194233
      nfiles: 1
    - path: src/model_evaluation.py
      hash: md5
      md5: 5e056e75638b8987019fa879520853a8
      size: 3390
    outs:
    - path: evaluation/metrics.yaml
      hash: md5
      md5: f0fd4f400c6610e92c8c17704d3c1b77
      size: 120
