schema: '2.0'
stages:
  data_ingestion:
    cmd: python3 src/data_ingestion.py
    deps:
    - path: src/data_ingestion.py
      hash: md5
      md5: 0817a604882cbf9d2ab734e87f5379f2
      size: 3552
    params:
      params.yaml:
        data_ingestion:
          test_size: 0.2
    outs:
    - path: data/raw
      hash: md5
      md5: 6d7c9717b531961233cd66af69381384.dir
      size: 817597
      nfiles: 2
  data_preprocessing:
    cmd: python3 src/data_preprocessing.py
    deps:
    - path: data/raw
      hash: md5
      md5: 6d7c9717b531961233cd66af69381384.dir
      size: 817597
      nfiles: 2
    - path: src/data_preprocessing.py
      hash: md5
      md5: d1f718caceaebfffe3d7d4c5b8d0c9d2
      size: 5099
    outs:
    - path: data/processed
      hash: md5
      md5: ccf800a9024f4f0a17e4853c327c2673.dir
      size: 561631
      nfiles: 2
  feature_engineering:
    cmd: python3 src/feature_engineering.py
    deps:
    - path: data/processed
      hash: md5
      md5: ccf800a9024f4f0a17e4853c327c2673.dir
      size: 561631
      nfiles: 2
    - path: src/feature_engineering.py
      hash: md5
      md5: 6d3efa97180e245fb2836d2d52b0439b
      size: 3476
    params:
      params.yaml:
        feature_engineering:
          max_features: 200
    outs:
    - path: data/features
      hash: md5
      md5: ee4d2de2c706f38674d4c849cfd07850.dir
      size: 2096148
      nfiles: 2
  model_building:
    cmd: python3 src/model_building.py
    deps:
    - path: data/features
      hash: md5
      md5: ee4d2de2c706f38674d4c849cfd07850.dir
      size: 2096148
      nfiles: 2
    - path: src/model_building.py
      hash: md5
      md5: 18a658d5b6675f6ce1c75382e2140c5b
      size: 3678
    params:
      params.yaml:
        model_building:
          n_estimator: 150
          learning_rate: 0.1
    outs:
    - path: models
      hash: md5
      md5: 33abd586d2e227debe6ceea657c2cb45.dir
      size: 200722
      nfiles: 1
  model_evaluation:
    cmd: python3 src/model_evaluation.py
    deps:
    - path: models
      hash: md5
      md5: 33abd586d2e227debe6ceea657c2cb45.dir
      size: 200722
      nfiles: 1
    - path: src/model_evaluation.py
      hash: md5
      md5: 17b5569171120b2f4cceedc674ada214
      size: 3388
    outs:
    - path: evaluation/metrics.yaml
      hash: md5
      md5: 2bfc7005cd57b184b5fe382b6b5736d5
      size: 120
